
Microsoft Visual Studio Solution File, Format Version 12.00
# Visual Studio Version 17
VisualStudioVersion = 17.1.32328.378
MinimumVisualStudioVersion = 10.0.40219.1
Project("{FAE04EC0-301F-11D3-BF4B-00C04F79EFBC}") = "AcadProject", "AcadProject.csproj", "{968EAC75-F084-44FA-A087-A5DFA0889EE1}"
EndProject
Project("{FAE04EC0-301F-11D3-BF4B-00C04F79EFBC}") = "LibraryCad", "..\LibraryCad\LibraryCad.csproj", "{66C32E46-D2F5-48C1-92B3-2BCE0F7373C0}"
EndProject
Project("{FAE04EC0-301F-11D3-BF4B-00C04F79EFBC}") = "ExamProject", "..\ExamProject\ExamProject.csproj", "{B805837C-05E7-4F65-977A-91C23C23E574}"
EndProject
Global
	GlobalSection(SolutionConfigurationPlatforms) = preSolution
		Debug|Any CPU = Debug|Any CPU
		Release|Any CPU = Release|Any CPU
	EndGlobalSection
	GlobalSection(ProjectConfigurationPlatforms) = postSolution
		{968EAC75-F084-44FA-A087-A5DFA0889EE1}.Debug|Any CPU.ActiveCfg = Debug|Any CPU
		{968EAC75-F084-44FA-A087-A5DFA0889EE1}.Debug|Any CPU.Build.0 = Debug|Any CPU
		{968EAC75-F084-44FA-A087-A5DFA0889EE1}.Release|Any CPU.ActiveCfg = Release|Any CPU
		{968EAC75-F084-44FA-A087-A5DFA0889EE1}.Release|Any CPU.Build.0 = Release|Any CPU
		{66C32E46-D2F5-48C1-92B3-2BCE0F7373C0}.Debug|Any CPU.ActiveCfg = Debug|Any CPU
		{66C32E46-D2F5-48C1-92B3-2BCE0F7373C0}.Debug|Any CPU.Build.0 = Debug|Any CPU
		{66C32E46-D2F5-48C1-92B3-2BCE0F7373C0}.Release|Any CPU.ActiveCfg = Release|Any CPU
		{66C32E46-D2F5-48C1-92B3-2BCE0F7373C0}.Release|Any CPU.Build.0 = Release|Any CPU
		{B805837C-05E7-4F65-977A-91C23C23E574}.Debug|Any CPU.ActiveCfg = Debug|Any CPU
		{B805837C-05E7-4F65-977A-91C23C23E574}.Debug|Any CPU.Build.0 = Debug|Any CPU
		{B805837C-05E7-4F65-977A-91C23C23E574}.Release|Any CPU.ActiveCfg = Release|Any CPU
		{B805837C-05E7-4F65-977A-91C23C23E574}.Release|Any CPU.Build.0 = Release|Any CPU
	EndGlobalSection
	GlobalSection(SolutionProperties) = preSolution
		HideSolutionNode = FALSE
	EndGlobalSection
	GlobalSection(ExtensibilityGlobals) = postSolution
		SolutionGuid = {64187D50-A911-4BD3-A876-F34F480ED801}
	EndGlobalSection
EndGlobal
